
Microsoft Visual Studio Solution File, Format Version 12.00
# Visual Studio Version 17
VisualStudioVersion = 17.0.31903.59
MinimumVisualStudioVersion = 10.0.40219.1
Project("{FAE04EC0-301F-11D3-BF4B-00C04F79EFBC}") = "IntegrationBus.Gateway.Api", "src\Api\IntegrationBus.Gateway.Api\IntegrationBus.Gateway.Api.csproj", "{72ED7ED2-A064-43B0-A2CC-8740AD952B73}"
EndProject
Project("{FAE04EC0-301F-11D3-BF4B-00C04F79EFBC}") = "IntegrationBus.Processing.Api", "src\Api\IntegrationBus.Processing.Api\IntegrationBus.Processing.Api.csproj", "{64D5148F-8BDD-46A6-91D9-0798CB31AF8F}"
EndProject
Project("{2150E333-8FDC-42A3-9474-1A3956D46DE8}") = "src", "src", "{02EA681E-C7D8-13C7-8484-4AC65E1B71E8}"
EndProject
Project("{2150E333-8FDC-42A3-9474-1A3956D46DE8}") = "Api", "Api", "{13E4D300-D8CF-4491-8F24-02AE29A8F927}"
EndProject
Project("{2150E333-8FDC-42A3-9474-1A3956D46DE8}") = "Services", "Services", "{5293AED1-3353-0F70-BE19-2AA0469BAC61}"
EndProject
Project("{FAE04EC0-301F-11D3-BF4B-00C04F79EFBC}") = "IntegrationBus.AccountBalance.Service", "src\Services\IntegrationBus.AccountBalance.Service\IntegrationBus.AccountBalance.Service.csproj", "{572B7100-1C90-4C8B-8CA5-AD0F6A4A8DCD}"
EndProject
Project("{FAE04EC0-301F-11D3-BF4B-00C04F79EFBC}") = "IntegrationBus.Compliance.Service", "src\Services\IntegrationBus.Compliance.Service\IntegrationBus.Compliance.Service.csproj", "{112E7FC3-3339-4C86-A197-5581173EF7A2}"
EndProject
Project("{FAE04EC0-301F-11D3-BF4B-00C04F79EFBC}") = "IntegrationBus.CoreLedger.Service", "src\Services\IntegrationBus.CoreLedger.Service\IntegrationBus.CoreLedger.Service.csproj", "{4328A949-A12A-4834-B517-EDC02B3C203A}"
EndProject
Project("{FAE04EC0-301F-11D3-BF4B-00C04F79EFBC}") = "IntegrationBus.SagaOrchestrator.Service", "src\Services\IntegrationBus.SagaOrchestrator.Service\IntegrationBus.SagaOrchestrator.Service.csproj", "{48B3ECFE-7B99-427A-BBE8-44DBA4F8BA40}"
EndProject
Project("{2150E333-8FDC-42A3-9474-1A3956D46DE8}") = "Contracts", "Contracts", "{ACE3B5F6-02E0-E5E3-B283-044C1171AFDE}"
EndProject
Project("{FAE04EC0-301F-11D3-BF4B-00C04F79EFBC}") = "IntegrationBus.Contracts", "src\Contracts\IntegrationBus.Contracts\IntegrationBus.Contracts.csproj", "{72669F5A-F033-4519-BB30-85D399FA5ABD}"
EndProject
Project("{FAE04EC0-301F-11D3-BF4B-00C04F79EFBC}") = "IntegrationBus.AccountBalance.Contracts", "src\Contracts\IntegrationBus.AccountBalance.Contracts\IntegrationBus.AccountBalance.Contracts.csproj", "{0D149501-CC8E-458D-B3DF-4D52A742851A}"
EndProject
Project("{FAE04EC0-301F-11D3-BF4B-00C04F79EFBC}") = "IntegrationBus.Compliance.Contracts", "src\Contracts\IntegrationBus.Compliance.Contracts\IntegrationBus.Compliance.Contracts.csproj", "{FADBF4B5-4B96-43AD-BBBB-4D8075F44BF9}"
EndProject
Project("{FAE04EC0-301F-11D3-BF4B-00C04F79EFBC}") = "IntegrationBus.CoreLedger.Contracts", "src\Contracts\IntegrationBus.CoreLedger.Contracts\IntegrationBus.CoreLedger.Contracts.csproj", "{9FD7B99F-135D-45C6-A9FC-A2601775F82B}"
EndProject
Project("{FAE04EC0-301F-11D3-BF4B-00C04F79EFBC}") = "IntegrationBus.SagaOrchestrator.Contracts", "src\Contracts\IntegrationBus.SagaOrchestrator.Contracts\IntegrationBus.SagaOrchestrator.Contracts.csproj", "{2F1D6B33-BB96-4D2C-BCA5-03B6261B3F3C}"
EndProject
Global
	GlobalSection(SolutionConfigurationPlatforms) = preSolution
		Debug|Any CPU = Debug|Any CPU
		Debug|x64 = Debug|x64
		Debug|x86 = Debug|x86
		Release|Any CPU = Release|Any CPU
		Release|x64 = Release|x64
		Release|x86 = Release|x86
	EndGlobalSection
	GlobalSection(ProjectConfigurationPlatforms) = postSolution
		{72ED7ED2-A064-43B0-A2CC-8740AD952B73}.Debug|Any CPU.ActiveCfg = Debug|Any CPU
		{72ED7ED2-A064-43B0-A2CC-8740AD952B73}.Debug|Any CPU.Build.0 = Debug|Any CPU
		{72ED7ED2-A064-43B0-A2CC-8740AD952B73}.Debug|x64.ActiveCfg = Debug|Any CPU
		{72ED7ED2-A064-43B0-A2CC-8740AD952B73}.Debug|x64.Build.0 = Debug|Any CPU
		{72ED7ED2-A064-43B0-A2CC-8740AD952B73}.Debug|x86.ActiveCfg = Debug|Any CPU
		{72ED7ED2-A064-43B0-A2CC-8740AD952B73}.Debug|x86.Build.0 = Debug|Any CPU
		{72ED7ED2-A064-43B0-A2CC-8740AD952B73}.Release|Any CPU.ActiveCfg = Release|Any CPU
		{72ED7ED2-A064-43B0-A2CC-8740AD952B73}.Release|Any CPU.Build.0 = Release|Any CPU
		{72ED7ED2-A064-43B0-A2CC-8740AD952B73}.Release|x64.ActiveCfg = Release|Any CPU
		{72ED7ED2-A064-43B0-A2CC-8740AD952B73}.Release|x64.Build.0 = Release|Any CPU
		{72ED7ED2-A064-43B0-A2CC-8740AD952B73}.Release|x86.ActiveCfg = Release|Any CPU
		{72ED7ED2-A064-43B0-A2CC-8740AD952B73}.Release|x86.Build.0 = Release|Any CPU
		{64D5148F-8BDD-46A6-91D9-0798CB31AF8F}.Debug|Any CPU.ActiveCfg = Debug|Any CPU
		{64D5148F-8BDD-46A6-91D9-0798CB31AF8F}.Debug|Any CPU.Build.0 = Debug|Any CPU
		{64D5148F-8BDD-46A6-91D9-0798CB31AF8F}.Debug|x64.ActiveCfg = Debug|Any CPU
		{64D5148F-8BDD-46A6-91D9-0798CB31AF8F}.Debug|x64.Build.0 = Debug|Any CPU
		{64D5148F-8BDD-46A6-91D9-0798CB31AF8F}.Debug|x86.ActiveCfg = Debug|Any CPU
		{64D5148F-8BDD-46A6-91D9-0798CB31AF8F}.Debug|x86.Build.0 = Debug|Any CPU
		{64D5148F-8BDD-46A6-91D9-0798CB31AF8F}.Release|Any CPU.ActiveCfg = Release|Any CPU
		{64D5148F-8BDD-46A6-91D9-0798CB31AF8F}.Release|Any CPU.Build.0 = Release|Any CPU
		{64D5148F-8BDD-46A6-91D9-0798CB31AF8F}.Release|x64.ActiveCfg = Release|Any CPU
		{64D5148F-8BDD-46A6-91D9-0798CB31AF8F}.Release|x64.Build.0 = Release|Any CPU
		{64D5148F-8BDD-46A6-91D9-0798CB31AF8F}.Release|x86.ActiveCfg = Release|Any CPU
		{64D5148F-8BDD-46A6-91D9-0798CB31AF8F}.Release|x86.Build.0 = Release|Any CPU
		{572B7100-1C90-4C8B-8CA5-AD0F6A4A8DCD}.Debug|Any CPU.ActiveCfg = Debug|Any CPU
		{572B7100-1C90-4C8B-8CA5-AD0F6A4A8DCD}.Debug|Any CPU.Build.0 = Debug|Any CPU
		{572B7100-1C90-4C8B-8CA5-AD0F6A4A8DCD}.Debug|x64.ActiveCfg = Debug|Any CPU
		{572B7100-1C90-4C8B-8CA5-AD0F6A4A8DCD}.Debug|x64.Build.0 = Debug|Any CPU
		{572B7100-1C90-4C8B-8CA5-AD0F6A4A8DCD}.Debug|x86.ActiveCfg = Debug|Any CPU
		{572B7100-1C90-4C8B-8CA5-AD0F6A4A8DCD}.Debug|x86.Build.0 = Debug|Any CPU
		{572B7100-1C90-4C8B-8CA5-AD0F6A4A8DCD}.Release|Any CPU.ActiveCfg = Release|Any CPU
		{572B7100-1C90-4C8B-8CA5-AD0F6A4A8DCD}.Release|Any CPU.Build.0 = Release|Any CPU
		{572B7100-1C90-4C8B-8CA5-AD0F6A4A8DCD}.Release|x64.ActiveCfg = Release|Any CPU
		{572B7100-1C90-4C8B-8CA5-AD0F6A4A8DCD}.Release|x64.Build.0 = Release|Any CPU
		{572B7100-1C90-4C8B-8CA5-AD0F6A4A8DCD}.Release|x86.ActiveCfg = Release|Any CPU
		{572B7100-1C90-4C8B-8CA5-AD0F6A4A8DCD}.Release|x86.Build.0 = Release|Any CPU
		{112E7FC3-3339-4C86-A197-5581173EF7A2}.Debug|Any CPU.ActiveCfg = Debug|Any CPU
		{112E7FC3-3339-4C86-A197-5581173EF7A2}.Debug|Any CPU.Build.0 = Debug|Any CPU
		{112E7FC3-3339-4C86-A197-5581173EF7A2}.Debug|x64.ActiveCfg = Debug|Any CPU
		{112E7FC3-3339-4C86-A197-5581173EF7A2}.Debug|x64.Build.0 = Debug|Any CPU
		{112E7FC3-3339-4C86-A197-5581173EF7A2}.Debug|x86.ActiveCfg = Debug|Any CPU
		{112E7FC3-3339-4C86-A197-5581173EF7A2}.Debug|x86.Build.0 = Debug|Any CPU
		{112E7FC3-3339-4C86-A197-5581173EF7A2}.Release|Any CPU.ActiveCfg = Release|Any CPU
		{112E7FC3-3339-4C86-A197-5581173EF7A2}.Release|Any CPU.Build.0 = Release|Any CPU
		{112E7FC3-3339-4C86-A197-5581173EF7A2}.Release|x64.ActiveCfg = Release|Any CPU
		{112E7FC3-3339-4C86-A197-5581173EF7A2}.Release|x64.Build.0 = Release|Any CPU
		{112E7FC3-3339-4C86-A197-5581173EF7A2}.Release|x86.ActiveCfg = Release|Any CPU
		{112E7FC3-3339-4C86-A197-5581173EF7A2}.Release|x86.Build.0 = Release|Any CPU
		{4328A949-A12A-4834-B517-EDC02B3C203A}.Debug|Any CPU.ActiveCfg = Debug|Any CPU
		{4328A949-A12A-4834-B517-EDC02B3C203A}.Debug|Any CPU.Build.0 = Debug|Any CPU
		{4328A949-A12A-4834-B517-EDC02B3C203A}.Debug|x64.ActiveCfg = Debug|Any CPU
		{4328A949-A12A-4834-B517-EDC02B3C203A}.Debug|x64.Build.0 = Debug|Any CPU
		{4328A949-A12A-4834-B517-EDC02B3C203A}.Debug|x86.ActiveCfg = Debug|Any CPU
		{4328A949-A12A-4834-B517-EDC02B3C203A}.Debug|x86.Build.0 = Debug|Any CPU
		{4328A949-A12A-4834-B517-EDC02B3C203A}.Release|Any CPU.ActiveCfg = Release|Any CPU
		{4328A949-A12A-4834-B517-EDC02B3C203A}.Release|Any CPU.Build.0 = Release|Any CPU
		{4328A949-A12A-4834-B517-EDC02B3C203A}.Release|x64.ActiveCfg = Release|Any CPU
		{4328A949-A12A-4834-B517-EDC02B3C203A}.Release|x64.Build.0 = Release|Any CPU
		{4328A949-A12A-4834-B517-EDC02B3C203A}.Release|x86.ActiveCfg = Release|Any CPU
		{4328A949-A12A-4834-B517-EDC02B3C203A}.Release|x86.Build.0 = Release|Any CPU
		{48B3ECFE-7B99-427A-BBE8-44DBA4F8BA40}.Debug|Any CPU.ActiveCfg = Debug|Any CPU
		{48B3ECFE-7B99-427A-BBE8-44DBA4F8BA40}.Debug|Any CPU.Build.0 = Debug|Any CPU
		{48B3ECFE-7B99-427A-BBE8-44DBA4F8BA40}.Debug|x64.ActiveCfg = Debug|Any CPU
		{48B3ECFE-7B99-427A-BBE8-44DBA4F8BA40}.Debug|x64.Build.0 = Debug|Any CPU
		{48B3ECFE-7B99-427A-BBE8-44DBA4F8BA40}.Debug|x86.ActiveCfg = Debug|Any CPU
		{48B3ECFE-7B99-427A-BBE8-44DBA4F8BA40}.Debug|x86.Build.0 = Debug|Any CPU
		{48B3ECFE-7B99-427A-BBE8-44DBA4F8BA40}.Release|Any CPU.ActiveCfg = Release|Any CPU
		{48B3ECFE-7B99-427A-BBE8-44DBA4F8BA40}.Release|Any CPU.Build.0 = Release|Any CPU
		{48B3ECFE-7B99-427A-BBE8-44DBA4F8BA40}.Release|x64.ActiveCfg = Release|Any CPU
		{48B3ECFE-7B99-427A-BBE8-44DBA4F8BA40}.Release|x64.Build.0 = Release|Any CPU
		{48B3ECFE-7B99-427A-BBE8-44DBA4F8BA40}.Release|x86.ActiveCfg = Release|Any CPU
		{48B3ECFE-7B99-427A-BBE8-44DBA4F8BA40}.Release|x86.Build.0 = Release|Any CPU
		{72669F5A-F033-4519-BB30-85D399FA5ABD}.Debug|Any CPU.ActiveCfg = Debug|Any CPU
		{72669F5A-F033-4519-BB30-85D399FA5ABD}.Debug|Any CPU.Build.0 = Debug|Any CPU
		{72669F5A-F033-4519-BB30-85D399FA5ABD}.Debug|x64.ActiveCfg = Debug|Any CPU
		{72669F5A-F033-4519-BB30-85D399FA5ABD}.Debug|x64.Build.0 = Debug|Any CPU
		{72669F5A-F033-4519-BB30-85D399FA5ABD}.Debug|x86.ActiveCfg = Debug|Any CPU
		{72669F5A-F033-4519-BB30-85D399FA5ABD}.Debug|x86.Build.0 = Debug|Any CPU
		{72669F5A-F033-4519-BB30-85D399FA5ABD}.Release|Any CPU.ActiveCfg = Release|Any CPU
		{72669F5A-F033-4519-BB30-85D399FA5ABD}.Release|Any CPU.Build.0 = Release|Any CPU
		{72669F5A-F033-4519-BB30-85D399FA5ABD}.Release|x64.ActiveCfg = Release|Any CPU
		{72669F5A-F033-4519-BB30-85D399FA5ABD}.Release|x64.Build.0 = Release|Any CPU
		{72669F5A-F033-4519-BB30-85D399FA5ABD}.Release|x86.ActiveCfg = Release|Any CPU
		{72669F5A-F033-4519-BB30-85D399FA5ABD}.Release|x86.Build.0 = Release|Any CPU
		{0D149501-CC8E-458D-B3DF-4D52A742851A}.Debug|Any CPU.ActiveCfg = Debug|Any CPU
		{0D149501-CC8E-458D-B3DF-4D52A742851A}.Debug|Any CPU.Build.0 = Debug|Any CPU
		{0D149501-CC8E-458D-B3DF-4D52A742851A}.Debug|x64.ActiveCfg = Debug|Any CPU
		{0D149501-CC8E-458D-B3DF-4D52A742851A}.Debug|x64.Build.0 = Debug|Any CPU
		{0D149501-CC8E-458D-B3DF-4D52A742851A}.Debug|x86.ActiveCfg = Debug|Any CPU
		{0D149501-CC8E-458D-B3DF-4D52A742851A}.Debug|x86.Build.0 = Debug|Any CPU
		{0D149501-CC8E-458D-B3DF-4D52A742851A}.Release|Any CPU.ActiveCfg = Release|Any CPU
		{0D149501-CC8E-458D-B3DF-4D52A742851A}.Release|Any CPU.Build.0 = Release|Any CPU
		{0D149501-CC8E-458D-B3DF-4D52A742851A}.Release|x64.ActiveCfg = Release|Any CPU
		{0D149501-CC8E-458D-B3DF-4D52A742851A}.Release|x64.Build.0 = Release|Any CPU
		{0D149501-CC8E-458D-B3DF-4D52A742851A}.Release|x86.ActiveCfg = Release|Any CPU
		{0D149501-CC8E-458D-B3DF-4D52A742851A}.Release|x86.Build.0 = Release|Any CPU
		{FADBF4B5-4B96-43AD-BBBB-4D8075F44BF9}.Debug|Any CPU.ActiveCfg = Debug|Any CPU
		{FADBF4B5-4B96-43AD-BBBB-4D8075F44BF9}.Debug|Any CPU.Build.0 = Debug|Any CPU
		{FADBF4B5-4B96-43AD-BBBB-4D8075F44BF9}.Debug|x64.ActiveCfg = Debug|Any CPU
		{FADBF4B5-4B96-43AD-BBBB-4D8075F44BF9}.Debug|x64.Build.0 = Debug|Any CPU
		{FADBF4B5-4B96-43AD-BBBB-4D8075F44BF9}.Debug|x86.ActiveCfg = Debug|Any CPU
		{FADBF4B5-4B96-43AD-BBBB-4D8075F44BF9}.Debug|x86.Build.0 = Debug|Any CPU
		{FADBF4B5-4B96-43AD-BBBB-4D8075F44BF9}.Release|Any CPU.ActiveCfg = Release|Any CPU
		{FADBF4B5-4B96-43AD-BBBB-4D8075F44BF9}.Release|Any CPU.Build.0 = Release|Any CPU
		{FADBF4B5-4B96-43AD-BBBB-4D8075F44BF9}.Release|x64.ActiveCfg = Release|Any CPU
		{FADBF4B5-4B96-43AD-BBBB-4D8075F44BF9}.Release|x64.Build.0 = Release|Any CPU
		{FADBF4B5-4B96-43AD-BBBB-4D8075F44BF9}.Release|x86.ActiveCfg = Release|Any CPU
		{FADBF4B5-4B96-43AD-BBBB-4D8075F44BF9}.Release|x86.Build.0 = Release|Any CPU
		{9FD7B99F-135D-45C6-A9FC-A2601775F82B}.Debug|Any CPU.ActiveCfg = Debug|Any CPU
		{9FD7B99F-135D-45C6-A9FC-A2601775F82B}.Debug|Any CPU.Build.0 = Debug|Any CPU
		{9FD7B99F-135D-45C6-A9FC-A2601775F82B}.Debug|x64.ActiveCfg = Debug|Any CPU
		{9FD7B99F-135D-45C6-A9FC-A2601775F82B}.Debug|x64.Build.0 = Debug|Any CPU
		{9FD7B99F-135D-45C6-A9FC-A2601775F82B}.Debug|x86.ActiveCfg = Debug|Any CPU
		{9FD7B99F-135D-45C6-A9FC-A2601775F82B}.Debug|x86.Build.0 = Debug|Any CPU
		{9FD7B99F-135D-45C6-A9FC-A2601775F82B}.Release|Any CPU.ActiveCfg = Release|Any CPU
		{9FD7B99F-135D-45C6-A9FC-A2601775F82B}.Release|Any CPU.Build.0 = Release|Any CPU
		{9FD7B99F-135D-45C6-A9FC-A2601775F82B}.Release|x64.ActiveCfg = Release|Any CPU
		{9FD7B99F-135D-45C6-A9FC-A2601775F82B}.Release|x64.Build.0 = Release|Any CPU
		{9FD7B99F-135D-45C6-A9FC-A2601775F82B}.Release|x86.ActiveCfg = Release|Any CPU
		{9FD7B99F-135D-45C6-A9FC-A2601775F82B}.Release|x86.Build.0 = Release|Any CPU
		{2F1D6B33-BB96-4D2C-BCA5-03B6261B3F3C}.Debug|Any CPU.ActiveCfg = Debug|Any CPU
		{2F1D6B33-BB96-4D2C-BCA5-03B6261B3F3C}.Debug|Any CPU.Build.0 = Debug|Any CPU
		{2F1D6B33-BB96-4D2C-BCA5-03B6261B3F3C}.Debug|x64.ActiveCfg = Debug|Any CPU
		{2F1D6B33-BB96-4D2C-BCA5-03B6261B3F3C}.Debug|x64.Build.0 = Debug|Any CPU
		{2F1D6B33-BB96-4D2C-BCA5-03B6261B3F3C}.Debug|x86.ActiveCfg = Debug|Any CPU
		{2F1D6B33-BB96-4D2C-BCA5-03B6261B3F3C}.Debug|x86.Build.0 = Debug|Any CPU
		{2F1D6B33-BB96-4D2C-BCA5-03B6261B3F3C}.Release|Any CPU.ActiveCfg = Release|Any CPU
		{2F1D6B33-BB96-4D2C-BCA5-03B6261B3F3C}.Release|Any CPU.Build.0 = Release|Any CPU
		{2F1D6B33-BB96-4D2C-BCA5-03B6261B3F3C}.Release|x64.ActiveCfg = Release|Any CPU
		{2F1D6B33-BB96-4D2C-BCA5-03B6261B3F3C}.Release|x64.Build.0 = Release|Any CPU
		{2F1D6B33-BB96-4D2C-BCA5-03B6261B3F3C}.Release|x86.ActiveCfg = Release|Any CPU
		{2F1D6B33-BB96-4D2C-BCA5-03B6261B3F3C}.Release|x86.Build.0 = Release|Any CPU
	EndGlobalSection
	GlobalSection(SolutionProperties) = preSolution
		HideSolutionNode = FALSE
	EndGlobalSection
	GlobalSection(NestedProjects) = preSolution
		{72ED7ED2-A064-43B0-A2CC-8740AD952B73} = {13E4D300-D8CF-4491-8F24-02AE29A8F927}
		{64D5148F-8BDD-46A6-91D9-0798CB31AF8F} = {13E4D300-D8CF-4491-8F24-02AE29A8F927}
		{13E4D300-D8CF-4491-8F24-02AE29A8F927} = {02EA681E-C7D8-13C7-8484-4AC65E1B71E8}
		{5293AED1-3353-0F70-BE19-2AA0469BAC61} = {02EA681E-C7D8-13C7-8484-4AC65E1B71E8}
		{572B7100-1C90-4C8B-8CA5-AD0F6A4A8DCD} = {5293AED1-3353-0F70-BE19-2AA0469BAC61}
		{112E7FC3-3339-4C86-A197-5581173EF7A2} = {5293AED1-3353-0F70-BE19-2AA0469BAC61}
		{4328A949-A12A-4834-B517-EDC02B3C203A} = {5293AED1-3353-0F70-BE19-2AA0469BAC61}
		{48B3ECFE-7B99-427A-BBE8-44DBA4F8BA40} = {5293AED1-3353-0F70-BE19-2AA0469BAC61}
		{ACE3B5F6-02E0-E5E3-B283-044C1171AFDE} = {02EA681E-C7D8-13C7-8484-4AC65E1B71E8}
		{72669F5A-F033-4519-BB30-85D399FA5ABD} = {ACE3B5F6-02E0-E5E3-B283-044C1171AFDE}
		{0D149501-CC8E-458D-B3DF-4D52A742851A} = {ACE3B5F6-02E0-E5E3-B283-044C1171AFDE}
		{FADBF4B5-4B96-43AD-BBBB-4D8075F44BF9} = {ACE3B5F6-02E0-E5E3-B283-044C1171AFDE}
		{9FD7B99F-135D-45C6-A9FC-A2601775F82B} = {ACE3B5F6-02E0-E5E3-B283-044C1171AFDE}
		{2F1D6B33-BB96-4D2C-BCA5-03B6261B3F3C} = {ACE3B5F6-02E0-E5E3-B283-044C1171AFDE}
	EndGlobalSection
EndGlobal
